// !$*UTF8*$!
{
	archiveVersion = 1;
	classes = {
	};
	objectVersion = 48;
	objects = {

/* Begin PBXBuildFile section */
		036F2CA8206A3C74008FD17D /* ShareViewController.swift in Sources */ = {isa = PBXBuildFile; fileRef = 036F2CA7206A3C74008FD17D /* ShareViewController.swift */; };
		62E453DCA6F8D4214ED3C4D9 /* Pods_Mobisem_Task.framework in Frameworks */ = {isa = PBXBuildFile; fileRef = F4E1F3B51F2E948D678201CA /* Pods_Mobisem_Task.framework */; };
		9D746AE5205EEF40007E1752 /* AppDelegate.swift in Sources */ = {isa = PBXBuildFile; fileRef = 9D746AE4205EEF40007E1752 /* AppDelegate.swift */; };
		9D746AE7205EEF40007E1752 /* ViewController.swift in Sources */ = {isa = PBXBuildFile; fileRef = 9D746AE6205EEF40007E1752 /* ViewController.swift */; };
		9D746AEA205EEF40007E1752 /* Main.storyboard in Resources */ = {isa = PBXBuildFile; fileRef = 9D746AE8205EEF40007E1752 /* Main.storyboard */; };
		9D746AEC205EEF40007E1752 /* Assets.xcassets in Resources */ = {isa = PBXBuildFile; fileRef = 9D746AEB205EEF40007E1752 /* Assets.xcassets */; };
		9D746AEF205EEF40007E1752 /* LaunchScreen.storyboard in Resources */ = {isa = PBXBuildFile; fileRef = 9D746AED205EEF40007E1752 /* LaunchScreen.storyboard */; };
		9D746AFE205F2487007E1752 /* Destination.swift in Sources */ = {isa = PBXBuildFile; fileRef = 9D746AFD205F2487007E1752 /* Destination.swift */; };
		9D746B01205F28E3007E1752 /* DestinationCollectionViewCell.swift in Sources */ = {isa = PBXBuildFile; fileRef = 9D746B00205F28E3007E1752 /* DestinationCollectionViewCell.swift */; };
		9DB6A501205F75B80009FA7C /* DetailViewController.swift in Sources */ = {isa = PBXBuildFile; fileRef = 9DB6A500205F75B70009FA7C /* DetailViewController.swift */; };
		9DB6A503205F97080009FA7C /* CustomNavigationController.swift in Sources */ = {isa = PBXBuildFile; fileRef = 9DB6A502205F97080009FA7C /* CustomNavigationController.swift */; };
		9DB6A505205FAB340009FA7C /* Values.swift in Sources */ = {isa = PBXBuildFile; fileRef = 9DB6A504205FAB340009FA7C /* Values.swift */; };
/* End PBXBuildFile section */

/* Begin PBXFileReference section */
		036F2CA7206A3C74008FD17D /* ShareViewController.swift */ = {isa = PBXFileReference; lastKnownFileType = sourcecode.swift; path = ShareViewController.swift; sourceTree = "<group>"; };
		4CC84C2509A1397B91F9DB7E /* Pods-Mobisem_Task.debug.xcconfig */ = {isa = PBXFileReference; includeInIndex = 1; lastKnownFileType = text.xcconfig; name = "Pods-Mobisem_Task.debug.xcconfig"; path = "Pods/Target Support Files/Pods-Mobisem_Task/Pods-Mobisem_Task.debug.xcconfig"; sourceTree = "<group>"; };
		787BEBE4922C78F0AF3DEB3F /* Pods-Mobisem_Task.release.xcconfig */ = {isa = PBXFileReference; includeInIndex = 1; lastKnownFileType = text.xcconfig; name = "Pods-Mobisem_Task.release.xcconfig"; path = "Pods/Target Support Files/Pods-Mobisem_Task/Pods-Mobisem_Task.release.xcconfig"; sourceTree = "<group>"; };
		9D746AE1205EEF40007E1752 /* Mobisem_Task.app */ = {isa = PBXFileReference; explicitFileType = wrapper.application; includeInIndex = 0; path = Mobisem_Task.app; sourceTree = BUILT_PRODUCTS_DIR; };
		9D746AE4205EEF40007E1752 /* AppDelegate.swift */ = {isa = PBXFileReference; lastKnownFileType = sourcecode.swift; path = AppDelegate.swift; sourceTree = "<group>"; };
		9D746AE6205EEF40007E1752 /* ViewController.swift */ = {isa = PBXFileReference; lastKnownFileType = sourcecode.swift; path = ViewController.swift; sourceTree = "<group>"; };
		9D746AE9205EEF40007E1752 /* Base */ = {isa = PBXFileReference; lastKnownFileType = file.storyboard; name = Base; path = Base.lproj/Main.storyboard; sourceTree = "<group>"; };
		9D746AEB205EEF40007E1752 /* Assets.xcassets */ = {isa = PBXFileReference; lastKnownFileType = folder.assetcatalog; path = Assets.xcassets; sourceTree = "<group>"; };
		9D746AEE205EEF40007E1752 /* Base */ = {isa = PBXFileReference; lastKnownFileType = file.storyboard; name = Base; path = Base.lproj/LaunchScreen.storyboard; sourceTree = "<group>"; };
		9D746AF0205EEF40007E1752 /* Info.plist */ = {isa = PBXFileReference; lastKnownFileType = text.plist.xml; path = Info.plist; sourceTree = "<group>"; };
		9D746AFD205F2487007E1752 /* Destination.swift */ = {isa = PBXFileReference; lastKnownFileType = sourcecode.swift; path = Destination.swift; sourceTree = "<group>"; };
		9D746B00205F28E3007E1752 /* DestinationCollectionViewCell.swift */ = {isa = PBXFileReference; lastKnownFileType = sourcecode.swift; path = DestinationCollectionViewCell.swift; sourceTree = "<group>"; };
		9DB6A500205F75B70009FA7C /* DetailViewController.swift */ = {isa = PBXFileReference; lastKnownFileType = sourcecode.swift; path = DetailViewController.swift; sourceTree = "<group>"; };
		9DB6A502205F97080009FA7C /* CustomNavigationController.swift */ = {isa = PBXFileReference; lastKnownFileType = sourcecode.swift; path = CustomNavigationController.swift; sourceTree = "<group>"; };
		9DB6A504205FAB340009FA7C /* Values.swift */ = {isa = PBXFileReference; lastKnownFileType = sourcecode.swift; path = Values.swift; sourceTree = "<group>"; };
		F4E1F3B51F2E948D678201CA /* Pods_Mobisem_Task.framework */ = {isa = PBXFileReference; explicitFileType = wrapper.framework; includeInIndex = 0; path = Pods_Mobisem_Task.framework; sourceTree = BUILT_PRODUCTS_DIR; };
/* End PBXFileReference section */

/* Begin PBXFrameworksBuildPhase section */
		9D746ADE205EEF40007E1752 /* Frameworks */ = {
			isa = PBXFrameworksBuildPhase;
			buildActionMask = 2147483647;
			files = (
				62E453DCA6F8D4214ED3C4D9 /* Pods_Mobisem_Task.framework in Frameworks */,
			);
			runOnlyForDeploymentPostprocessing = 0;
		};
/* End PBXFrameworksBuildPhase section */

/* Begin PBXGroup section */
		5CBCC1D2BA7849E799210C8E /* Pods */ = {
			isa = PBXGroup;
			children = (
				4CC84C2509A1397B91F9DB7E /* Pods-Mobisem_Task.debug.xcconfig */,
				787BEBE4922C78F0AF3DEB3F /* Pods-Mobisem_Task.release.xcconfig */,
			);
			name = Pods;
			sourceTree = "<group>";
		};
		9D746AD8205EEF40007E1752 = {
			isa = PBXGroup;
			children = (
				9D746AE3205EEF40007E1752 /* Mobisem_Task */,
				9D746AE2205EEF40007E1752 /* Products */,
				5CBCC1D2BA7849E799210C8E /* Pods */,
				B12EB2AC31801C6797042353 /* Frameworks */,
			);
			sourceTree = "<group>";
		};
		9D746AE2205EEF40007E1752 /* Products */ = {
			isa = PBXGroup;
			children = (
				9D746AE1205EEF40007E1752 /* Mobisem_Task.app */,
			);
			name = Products;
			sourceTree = "<group>";
		};
		9D746AE3205EEF40007E1752 /* Mobisem_Task */ = {
			isa = PBXGroup;
			children = (
				9D746AE4205EEF40007E1752 /* AppDelegate.swift */,
				9D746AFF205F248B007E1752 /* Model */,
				9D746AFC205F2476007E1752 /* View */,
				9D746AE8205EEF40007E1752 /* Main.storyboard */,
				9D746AEB205EEF40007E1752 /* Assets.xcassets */,
				9D746AED205EEF40007E1752 /* LaunchScreen.storyboard */,
				9D746AF0205EEF40007E1752 /* Info.plist */,
			);
			path = Mobisem_Task;
			sourceTree = "<group>";
		};
		9D746AFC205F2476007E1752 /* View */ = {
			isa = PBXGroup;
			children = (
				9D746AE6205EEF40007E1752 /* ViewController.swift */,
				9DB6A500205F75B70009FA7C /* DetailViewController.swift */,
				9D746B00205F28E3007E1752 /* DestinationCollectionViewCell.swift */,
				9DB6A502205F97080009FA7C /* CustomNavigationController.swift */,
				9DB6A504205FAB340009FA7C /* Values.swift */,
				036F2CA7206A3C74008FD17D /* ShareViewController.swift */,
			);
			path = View;
			sourceTree = "<group>";
		};
		9D746AFF205F248B007E1752 /* Model */ = {
			isa = PBXGroup;
			children = (
				9D746AFD205F2487007E1752 /* Destination.swift */,
			);
			path = Model;
			sourceTree = "<group>";
		};
		B12EB2AC31801C6797042353 /* Frameworks */ = {
			isa = PBXGroup;
			children = (
				F4E1F3B51F2E948D678201CA /* Pods_Mobisem_Task.framework */,
			);
			name = Frameworks;
			sourceTree = "<group>";
		};
/* End PBXGroup section */

/* Begin PBXNativeTarget section */
		9D746AE0205EEF40007E1752 /* Mobisem_Task */ = {
			isa = PBXNativeTarget;
			buildConfigurationList = 9D746AF3205EEF40007E1752 /* Build configuration list for PBXNativeTarget "Mobisem_Task" */;
			buildPhases = (
				8858622E1A4E167EDA4BCF8F /* [CP] Check Pods Manifest.lock */,
				9D746ADD205EEF40007E1752 /* Sources */,
				9D746ADE205EEF40007E1752 /* Frameworks */,
				9D746ADF205EEF40007E1752 /* Resources */,
				12C87D0933D4F1D7D96BCE15 /* [CP] Embed Pods Frameworks */,
				5EE55680365F6DB801D579B2 /* [CP] Copy Pods Resources */,
			);
			buildRules = (
			);
			dependencies = (
			);
			name = Mobisem_Task;
			productName = Mobisem_Task;
			productReference = 9D746AE1205EEF40007E1752 /* Mobisem_Task.app */;
			productType = "com.apple.product-type.application";
		};
/* End PBXNativeTarget section */

/* Begin PBXProject section */
		9D746AD9205EEF40007E1752 /* Project object */ = {
			isa = PBXProject;
			attributes = {
				LastSwiftUpdateCheck = 0920;
				LastUpgradeCheck = 0920;
				ORGANIZATIONNAME = murtilicious;
				TargetAttributes = {
					9D746AE0205EEF40007E1752 = {
						CreatedOnToolsVersion = 9.2;
						ProvisioningStyle = Automatic;
					};
				};
			};
			buildConfigurationList = 9D746ADC205EEF40007E1752 /* Build configuration list for PBXProject "Mobisem_Task" */;
			compatibilityVersion = "Xcode 8.0";
			developmentRegion = en;
			hasScannedForEncodings = 0;
			knownRegions = (
				en,
				Base,
			);
			mainGroup = 9D746AD8205EEF40007E1752;
			productRefGroup = 9D746AE2205EEF40007E1752 /* Products */;
			projectDirPath = "";
			projectRoot = "";
			targets = (
				9D746AE0205EEF40007E1752 /* Mobisem_Task */,
			);
		};
/* End PBXProject section */

/* Begin PBXResourcesBuildPhase section */
		9D746ADF205EEF40007E1752 /* Resources */ = {
			isa = PBXResourcesBuildPhase;
			buildActionMask = 2147483647;
			files = (
				9D746AEF205EEF40007E1752 /* LaunchScreen.storyboard in Resources */,
				9D746AEC205EEF40007E1752 /* Assets.xcassets in Resources */,
				9D746AEA205EEF40007E1752 /* Main.storyboard in Resources */,
			);
			runOnlyForDeploymentPostprocessing = 0;
		};
/* End PBXResourcesBuildPhase section */

/* Begin PBXShellScriptBuildPhase section */
		12C87D0933D4F1D7D96BCE15 /* [CP] Embed Pods Frameworks */ = {
			isa = PBXShellScriptBuildPhase;
			buildActionMask = 2147483647;
			files = (
			);
			inputPaths = (
				"${SRCROOT}/Pods/Target Support Files/Pods-Mobisem_Task/Pods-Mobisem_Task-frameworks.sh",
				"${BUILT_PRODUCTS_DIR}/Hero/Hero.framework",
			);
			name = "[CP] Embed Pods Frameworks";
			outputPaths = (
				"${TARGET_BUILD_DIR}/${FRAMEWORKS_FOLDER_PATH}/Hero.framework",
			);
			runOnlyForDeploymentPostprocessing = 0;
			shellPath = /bin/sh;
			shellScript = "\"${SRCROOT}/Pods/Target Support Files/Pods-Mobisem_Task/Pods-Mobisem_Task-frameworks.sh\"\n";
			showEnvVarsInLog = 0;
		};
		5EE55680365F6DB801D579B2 /* [CP] Copy Pods Resources */ = {
			isa = PBXShellScriptBuildPhase;
			buildActionMask = 2147483647;
			files = (
			);
			inputPaths = (
			);
			name = "[CP] Copy Pods Resources";
			outputPaths = (
			);
			runOnlyForDeploymentPostprocessing = 0;
			shellPath = /bin/sh;
			shellScript = "\"${SRCROOT}/Pods/Target Support Files/Pods-Mobisem_Task/Pods-Mobisem_Task-resources.sh\"\n";
			showEnvVarsInLog = 0;
		};
		8858622E1A4E167EDA4BCF8F /* [CP] Check Pods Manifest.lock */ = {
			isa = PBXShellScriptBuildPhase;
			buildActionMask = 2147483647;
			files = (
			);
			inputPaths = (
				"${PODS_PODFILE_DIR_PATH}/Podfile.lock",
				"${PODS_ROOT}/Manifest.lock",
			);
			name = "[CP] Check Pods Manifest.lock";
			outputPaths = (
				"$(DERIVED_FILE_DIR)/Pods-Mobisem_Task-checkManifestLockResult.txt",
			);
			runOnlyForDeploymentPostprocessing = 0;
			shellPath = /bin/sh;
			shellScript = "diff \"${PODS_PODFILE_DIR_PATH}/Podfile.lock\" \"${PODS_ROOT}/Manifest.lock\" > /dev/null\nif [ $? != 0 ] ; then\n    # print error to STDERR\n    echo \"error: The sandbox is not in sync with the Podfile.lock. Run 'pod install' or update your CocoaPods installation.\" >&2\n    exit 1\nfi\n# This output is used by Xcode 'outputs' to avoid re-running this script phase.\necho \"SUCCESS\" > \"${SCRIPT_OUTPUT_FILE_0}\"\n";
			showEnvVarsInLog = 0;
		};
/* End PBXShellScriptBuildPhase section */

/* Begin PBXSourcesBuildPhase section */
		9D746ADD205EEF40007E1752 /* Sources */ = {
			isa = PBXSourcesBuildPhase;
			buildActionMask = 2147483647;
			files = (
				9DB6A505205FAB340009FA7C /* Values.swift in Sources */,
				9DB6A503205F97080009FA7C /* CustomNavigationController.swift in Sources */,
				9D746AE7205EEF40007E1752 /* ViewController.swift in Sources */,
				9D746AE5205EEF40007E1752 /* AppDelegate.swift in Sources */,
				9DB6A501205F75B80009FA7C /* DetailViewController.swift in Sources */,
				9D746AFE205F2487007E1752 /* Destination.swift in Sources */,
				036F2CA8206A3C74008FD17D /* ShareViewController.swift in Sources */,
				9D746B01205F28E3007E1752 /* DestinationCollectionViewCell.swift in Sources */,
			);
			runOnlyForDeploymentPostprocessing = 0;
		};
/* End PBXSourcesBuildPhase section */

/* Begin PBXVariantGroup section */
		9D746AE8205EEF40007E1752 /* Main.storyboard */ = {
			isa = PBXVariantGroup;
			children = (
				9D746AE9205EEF40007E1752 /* Base */,
			);
			name = Main.storyboard;
			sourceTree = "<group>";
		};
		9D746AED205EEF40007E1752 /* LaunchScreen.storyboard */ = {
			isa = PBXVariantGroup;
			children = (
				9D746AEE205EEF40007E1752 /* Base */,
			);
			name = LaunchScreen.storyboard;
			sourceTree = "<group>";
		};
/* End PBXVariantGroup section */

/* Begin XCBuildConfiguration section */
		9D746AF1205EEF40007E1752 /* Debug */ = {
			isa = XCBuildConfiguration;
			buildSettings = {
				ALWAYS_SEARCH_USER_PATHS = NO;
				CLANG_ANALYZER_NONNULL = YES;
				CLANG_ANALYZER_NUMBER_OBJECT_CONVERSION = YES_AGGRESSIVE;
				CLANG_CXX_LANGUAGE_STANDARD = "gnu++14";
				CLANG_CXX_LIBRARY = "libc++";
				CLANG_ENABLE_MODULES = YES;
				CLANG_ENABLE_OBJC_ARC = YES;
				CLANG_WARN_BLOCK_CAPTURE_AUTORELEASING = YES;
				CLANG_WARN_BOOL_CONVERSION = YES;
				CLANG_WARN_COMMA = YES;
				CLANG_WARN_CONSTANT_CONVERSION = YES;
				CLANG_WARN_DIRECT_OBJC_ISA_USAGE = YES_ERROR;
				CLANG_WARN_DOCUMENTATION_COMMENTS = YES;
				CLANG_WARN_EMPTY_BODY = YES;
				CLANG_WARN_ENUM_CONVERSION = YES;
				CLANG_WARN_INFINITE_RECURSION = YES;
				CLANG_WARN_INT_CONVERSION = YES;
				CLANG_WARN_NON_LITERAL_NULL_CONVERSION = YES;
				CLANG_WARN_OBJC_LITERAL_CONVERSION = YES;
				CLANG_WARN_OBJC_ROOT_CLASS = YES_ERROR;
				CLANG_WARN_RANGE_LOOP_ANALYSIS = YES;
				CLANG_WARN_STRICT_PROTOTYPES = YES;
				CLANG_WARN_SUSPICIOUS_MOVE = YES;
				CLANG_WARN_UNGUARDED_AVAILABILITY = YES_AGGRESSIVE;
				CLANG_WARN_UNREACHABLE_CODE = YES;
				CLANG_WARN__DUPLICATE_METHOD_MATCH = YES;
				CODE_SIGN_IDENTITY = "iPhone Developer";
				COPY_PHASE_STRIP = NO;
				DEBUG_INFORMATION_FORMAT = dwarf;
				ENABLE_STRICT_OBJC_MSGSEND = YES;
				ENABLE_TESTABILITY = YES;
				GCC_C_LANGUAGE_STANDARD = gnu11;
				GCC_DYNAMIC_NO_PIC = NO;
				GCC_NO_COMMON_BLOCKS = YES;
				GCC_OPTIMIZATION_LEVEL = 0;
				GCC_PREPROCESSOR_DEFINITIONS = (
					"DEBUG=1",
					"$(inherited)",
				);
				GCC_WARN_64_TO_32_BIT_CONVERSION = YES;
				GCC_WARN_ABOUT_RETURN_TYPE = YES_ERROR;
				GCC_WARN_UNDECLARED_SELECTOR = YES;
				GCC_WARN_UNINITIALIZED_AUTOS = YES_AGGRESSIVE;
				GCC_WARN_UNUSED_FUNCTION = YES;
				GCC_WARN_UNUSED_VARIABLE = YES;
				IPHONEOS_DEPLOYMENT_TARGET = 11.2;
				MTL_ENABLE_DEBUG_INFO = YES;
				ONLY_ACTIVE_ARCH = YES;
				SDKROOT = iphoneos;
				SWIFT_ACTIVE_COMPILATION_CONDITIONS = DEBUG;
				SWIFT_OPTIMIZATION_LEVEL = "-Onone";
			};
			name = Debug;
		};
		9D746AF2205EEF40007E1752 /* Release */ = {
			isa = XCBuildConfiguration;
			buildSettings = {
				ALWAYS_SEARCH_USER_PATHS = NO;
				CLANG_ANALYZER_NONNULL = YES;
				CLANG_ANALYZER_NUMBER_OBJECT_CONVERSION = YES_AGGRESSIVE;
				CLANG_CXX_LANGUAGE_STANDARD = "gnu++14";
				CLANG_CXX_LIBRARY = "libc++";
				CLANG_ENABLE_MODULES = YES;
				CLANG_ENABLE_OBJC_ARC = YES;
				CLANG_WARN_BLOCK_CAPTURE_AUTORELEASING = YES;
				CLANG_WARN_BOOL_CONVERSION = YES;
				CLANG_WARN_COMMA = YES;
				CLANG_WARN_CONSTANT_CONVERSION = YES;
				CLANG_WARN_DIRECT_OBJC_ISA_USAGE = YES_ERROR;
				CLANG_WARN_DOCUMENTATION_COMMENTS = YES;
				CLANG_WARN_EMPTY_BODY = YES;
				CLANG_WARN_ENUM_CONVERSION = YES;
				CLANG_WARN_INFINITE_RECURSION = YES;
				CLANG_WARN_INT_CONVERSION = YES;
				CLANG_WARN_NON_LITERAL_NULL_CONVERSION = YES;
				CLANG_WARN_OBJC_LITERAL_CONVERSION = YES;
				CLANG_WARN_OBJC_ROOT_CLASS = YES_ERROR;
				CLANG_WARN_RANGE_LOOP_ANALYSIS = YES;
				CLANG_WARN_STRICT_PROTOTYPES = YES;
				CLANG_WARN_SUSPICIOUS_MOVE = YES;
				CLANG_WARN_UNGUARDED_AVAILABILITY = YES_AGGRESSIVE;
				CLANG_WARN_UNREACHABLE_CODE = YES;
				CLANG_WARN__DUPLICATE_METHOD_MATCH = YES;
				CODE_SIGN_IDENTITY = "iPhone Developer";
				COPY_PHASE_STRIP = NO;
				DEBUG_INFORMATION_FORMAT = "dwarf-with-dsym";
				ENABLE_NS_ASSERTIONS = NO;
				ENABLE_STRICT_OBJC_MSGSEND = YES;
				GCC_C_LANGUAGE_STANDARD = gnu11;
				GCC_NO_COMMON_BLOCKS = YES;
				GCC_WARN_64_TO_32_BIT_CONVERSION = YES;
				GCC_WARN_ABOUT_RETURN_TYPE = YES_ERROR;
				GCC_WARN_UNDECLARED_SELECTOR = YES;
				GCC_WARN_UNINITIALIZED_AUTOS = YES_AGGRESSIVE;
				GCC_WARN_UNUSED_FUNCTION = YES;
				GCC_WARN_UNUSED_VARIABLE = YES;
				IPHONEOS_DEPLOYMENT_TARGET = 11.2;
				MTL_ENABLE_DEBUG_INFO = NO;
				SDKROOT = iphoneos;
				SWIFT_OPTIMIZATION_LEVEL = "-Owholemodule";
				VALIDATE_PRODUCT = YES;
			};
			name = Release;
		};
		9D746AF4205EEF40007E1752 /* Debug */ = {
			isa = XCBuildConfiguration;
			baseConfigurationReference = 4CC84C2509A1397B91F9DB7E /* Pods-Mobisem_Task.debug.xcconfig */;
			buildSettings = {
				ASSETCATALOG_COMPILER_APPICON_NAME = AppIcon;
				CODE_SIGN_STYLE = Automatic;
				DEVELOPMENT_TEAM = KHBM4524SZ;
				INFOPLIST_FILE = Mobisem_Task/Info.plist;
				LD_RUNPATH_SEARCH_PATHS = "$(inherited) @executable_path/Frameworks";
				PRODUCT_BUNDLE_IDENTIFIER = "com.murtilicious.Mobisem-Task";
				PRODUCT_NAME = "$(TARGET_NAME)";
				SWIFT_VERSION = 4.0;
				TARGETED_DEVICE_FAMILY = "1,2";
			};
			name = Debug;
		};
		9D746AF5205EEF40007E1752 /* Release */ = {
			isa = XCBuildConfiguration;
			baseConfigurationReference = 787BEBE4922C78F0AF3DEB3F /* Pods-Mobisem_Task.release.xcconfig */;
			buildSettings = {
				ASSETCATALOG_COMPILER_APPICON_NAME = AppIcon;
				CODE_SIGN_STYLE = Automatic;
				DEVELOPMENT_TEAM = KHBM4524SZ;
				INFOPLIST_FILE = Mobisem_Task/Info.plist;
				LD_RUNPATH_SEARCH_PATHS = "$(inherited) @executable_path/Frameworks";
				PRODUCT_BUNDLE_IDENTIFIER = "com.murtilicious.Mobisem-Task";
				PRODUCT_NAME = "$(TARGET_NAME)";
				SWIFT_VERSION = 4.0;
				TARGETED_DEVICE_FAMILY = "1,2";
			};
			name = Release;
		};
/* End XCBuildConfiguration section */

/* Begin XCConfigurationList section */
		9D746ADC205EEF40007E1752 /* Build configuration list for PBXProject "Mobisem_Task" */ = {
			isa = XCConfigurationList;
			buildConfigurations = (
				9D746AF1205EEF40007E1752 /* Debug */,
				9D746AF2205EEF40007E1752 /* Release */,
			);
			defaultConfigurationIsVisible = 0;
			defaultConfigurationName = Release;
		};
		9D746AF3205EEF40007E1752 /* Build configuration list for PBXNativeTarget "Mobisem_Task" */ = {
			isa = XCConfigurationList;
			buildConfigurations = (
				9D746AF4205EEF40007E1752 /* Debug */,
				9D746AF5205EEF40007E1752 /* Release */,
			);
			defaultConfigurationIsVisible = 0;
			defaultConfigurationName = Release;
		};
/* End XCConfigurationList section */
	};
	rootObject = 9D746AD9205EEF40007E1752 /* Project object */;
}
